// !$*UTF8*$!
{
	archiveVersion = 1;
	classes = {
	};
	objectVersion = 46;
	objects = {

/* Begin PBXBuildFile section */
		03EF97961ED15E1200864891 /* main.m in Sources */ = {isa = PBXBuildFile; fileRef = 03EF97951ED15E1200864891 /* main.m */; };
		03EF97991ED15E1200864891 /* AppDelegate.m in Sources */ = {isa = PBXBuildFile; fileRef = 03EF97981ED15E1200864891 /* AppDelegate.m */; };
		03EF979C1ED15E1200864891 /* DreamJournal.xcdatamodeld in Sources */ = {isa = PBXBuildFile; fileRef = 03EF979A1ED15E1200864891 /* DreamJournal.xcdatamodeld */; };
		03EF979F1ED15E1200864891 /* MasterViewController.m in Sources */ = {isa = PBXBuildFile; fileRef = 03EF979E1ED15E1200864891 /* MasterViewController.m */; };
		03EF97A21ED15E1200864891 /* DetailViewController.m in Sources */ = {isa = PBXBuildFile; fileRef = 03EF97A11ED15E1200864891 /* DetailViewController.m */; };
		03EF97A51ED15E1200864891 /* Main.storyboard in Resources */ = {isa = PBXBuildFile; fileRef = 03EF97A31ED15E1200864891 /* Main.storyboard */; };
		03EF97A71ED15E1200864891 /* Assets.xcassets in Resources */ = {isa = PBXBuildFile; fileRef = 03EF97A61ED15E1200864891 /* Assets.xcassets */; };
		03EF97AA1ED15E1200864891 /* LaunchScreen.storyboard in Resources */ = {isa = PBXBuildFile; fileRef = 03EF97A81ED15E1200864891 /* LaunchScreen.storyboard */; };
		03EF97B51ED15E1200864891 /* DreamJournalTests.m in Sources */ = {isa = PBXBuildFile; fileRef = 03EF97B41ED15E1200864891 /* DreamJournalTests.m */; };
		03EF97C01ED15E1200864891 /* DreamJournalUITests.m in Sources */ = {isa = PBXBuildFile; fileRef = 03EF97BF1ED15E1200864891 /* DreamJournalUITests.m */; };
		20EE4D83B61539F27E1818D1 /* libPods-DreamJournalTests.a in Frameworks */ = {isa = PBXBuildFile; fileRef = B127BF0DA2972FBB93DEAC5F /* libPods-DreamJournalTests.a */; };
		324C3BF69E2397F85027BDB9 /* libPods-DreamJournalUITests.a in Frameworks */ = {isa = PBXBuildFile; fileRef = F1E4B01627957C6C7EDF8CBB /* libPods-DreamJournalUITests.a */; };
		D61E00B920ED327600144B27 /* libPods-DreamJournal.a in Frameworks */ = {isa = PBXBuildFile; fileRef = 356B7F1E73DF9BEBBA578035 /* libPods-DreamJournal.a */; };
/* End PBXBuildFile section */

/* Begin PBXContainerItemProxy section */
		03EF97B11ED15E1200864891 /* PBXContainerItemProxy */ = {
			isa = PBXContainerItemProxy;
			containerPortal = 03EF97891ED15E1200864891 /* Project object */;
			proxyType = 1;
			remoteGlobalIDString = 03EF97901ED15E1200864891;
			remoteInfo = DreamJournal;
		};
		03EF97BC1ED15E1200864891 /* PBXContainerItemProxy */ = {
			isa = PBXContainerItemProxy;
			containerPortal = 03EF97891ED15E1200864891 /* Project object */;
			proxyType = 1;
			remoteGlobalIDString = 03EF97901ED15E1200864891;
			remoteInfo = DreamJournal;
		};
/* End PBXContainerItemProxy section */

/* Begin PBXFileReference section */
		03EF97911ED15E1200864891 /* DreamJournal.app */ = {isa = PBXFileReference; explicitFileType = wrapper.application; includeInIndex = 0; path = DreamJournal.app; sourceTree = BUILT_PRODUCTS_DIR; };
		03EF97951ED15E1200864891 /* main.m */ = {isa = PBXFileReference; lastKnownFileType = sourcecode.c.objc; path = main.m; sourceTree = "<group>"; };
		03EF97971ED15E1200864891 /* AppDelegate.h */ = {isa = PBXFileReference; lastKnownFileType = sourcecode.c.h; path = AppDelegate.h; sourceTree = "<group>"; };
		03EF97981ED15E1200864891 /* AppDelegate.m */ = {isa = PBXFileReference; lastKnownFileType = sourcecode.c.objc; path = AppDelegate.m; sourceTree = "<group>"; };
		03EF979B1ED15E1200864891 /* DreamJournal.xcdatamodel */ = {isa = PBXFileReference; lastKnownFileType = wrapper.xcdatamodel; path = DreamJournal.xcdatamodel; sourceTree = "<group>"; };
		03EF979D1ED15E1200864891 /* MasterViewController.h */ = {isa = PBXFileReference; lastKnownFileType = sourcecode.c.h; path = MasterViewController.h; sourceTree = "<group>"; };
		03EF979E1ED15E1200864891 /* MasterViewController.m */ = {isa = PBXFileReference; lastKnownFileType = sourcecode.c.objc; path = MasterViewController.m; sourceTree = "<group>"; };
		03EF97A01ED15E1200864891 /* DetailViewController.h */ = {isa = PBXFileReference; lastKnownFileType = sourcecode.c.h; path = DetailViewController.h; sourceTree = "<group>"; };
		03EF97A11ED15E1200864891 /* DetailViewController.m */ = {isa = PBXFileReference; lastKnownFileType = sourcecode.c.objc; path = DetailViewController.m; sourceTree = "<group>"; };
		03EF97A41ED15E1200864891 /* Base */ = {isa = PBXFileReference; lastKnownFileType = file.storyboard; name = Base; path = Base.lproj/Main.storyboard; sourceTree = "<group>"; };
		03EF97A61ED15E1200864891 /* Assets.xcassets */ = {isa = PBXFileReference; lastKnownFileType = folder.assetcatalog; path = Assets.xcassets; sourceTree = "<group>"; };
		03EF97A91ED15E1200864891 /* Base */ = {isa = PBXFileReference; lastKnownFileType = file.storyboard; name = Base; path = Base.lproj/LaunchScreen.storyboard; sourceTree = "<group>"; };
		03EF97AB1ED15E1200864891 /* Info.plist */ = {isa = PBXFileReference; lastKnownFileType = text.plist.xml; path = Info.plist; sourceTree = "<group>"; };
		03EF97B01ED15E1200864891 /* DreamJournalTests.xctest */ = {isa = PBXFileReference; explicitFileType = wrapper.cfbundle; includeInIndex = 0; path = DreamJournalTests.xctest; sourceTree = BUILT_PRODUCTS_DIR; };
		03EF97B41ED15E1200864891 /* DreamJournalTests.m */ = {isa = PBXFileReference; lastKnownFileType = sourcecode.c.objc; path = DreamJournalTests.m; sourceTree = "<group>"; };
		03EF97B61ED15E1200864891 /* Info.plist */ = {isa = PBXFileReference; lastKnownFileType = text.plist.xml; path = Info.plist; sourceTree = "<group>"; };
		03EF97BB1ED15E1200864891 /* DreamJournalUITests.xctest */ = {isa = PBXFileReference; explicitFileType = wrapper.cfbundle; includeInIndex = 0; path = DreamJournalUITests.xctest; sourceTree = BUILT_PRODUCTS_DIR; };
		03EF97BF1ED15E1200864891 /* DreamJournalUITests.m */ = {isa = PBXFileReference; lastKnownFileType = sourcecode.c.objc; path = DreamJournalUITests.m; sourceTree = "<group>"; };
		03EF97C11ED15E1200864891 /* Info.plist */ = {isa = PBXFileReference; lastKnownFileType = text.plist.xml; path = Info.plist; sourceTree = "<group>"; };
		2F0B0792E990285A718D802B /* Pods-DreamJournal.debug.xcconfig */ = {isa = PBXFileReference; includeInIndex = 1; lastKnownFileType = text.xcconfig; name = "Pods-DreamJournal.debug.xcconfig"; path = "Pods/Target Support Files/Pods-DreamJournal/Pods-DreamJournal.debug.xcconfig"; sourceTree = "<group>"; };
		2F73871B1A1547088A53EDDD /* Pods-DreamJournalTests.debug.xcconfig */ = {isa = PBXFileReference; includeInIndex = 1; lastKnownFileType = text.xcconfig; name = "Pods-DreamJournalTests.debug.xcconfig"; path = "Pods/Target Support Files/Pods-DreamJournalTests/Pods-DreamJournalTests.debug.xcconfig"; sourceTree = "<group>"; };
		356B7F1E73DF9BEBBA578035 /* libPods-DreamJournal.a */ = {isa = PBXFileReference; explicitFileType = archive.ar; includeInIndex = 0; path = "libPods-DreamJournal.a"; sourceTree = BUILT_PRODUCTS_DIR; };
		4564A3D52569F46AFDA82866 /* Pods-DreamJournalUITests.release.xcconfig */ = {isa = PBXFileReference; includeInIndex = 1; lastKnownFileType = text.xcconfig; name = "Pods-DreamJournalUITests.release.xcconfig"; path = "Pods/Target Support Files/Pods-DreamJournalUITests/Pods-DreamJournalUITests.release.xcconfig"; sourceTree = "<group>"; };
		4D475AA00DA720722F92219F /* Pods-DreamJournal.release.xcconfig */ = {isa = PBXFileReference; includeInIndex = 1; lastKnownFileType = text.xcconfig; name = "Pods-DreamJournal.release.xcconfig"; path = "Pods/Target Support Files/Pods-DreamJournal/Pods-DreamJournal.release.xcconfig"; sourceTree = "<group>"; };
		5AC01B5F45456A65431B753B /* Pods-DreamJournalTests.release.xcconfig */ = {isa = PBXFileReference; includeInIndex = 1; lastKnownFileType = text.xcconfig; name = "Pods-DreamJournalTests.release.xcconfig"; path = "Pods/Target Support Files/Pods-DreamJournalTests/Pods-DreamJournalTests.release.xcconfig"; sourceTree = "<group>"; };
		ADCE2C7C6F7EA4F99F80DCE5 /* Pods-DreamJournalUITests.debug.xcconfig */ = {isa = PBXFileReference; includeInIndex = 1; lastKnownFileType = text.xcconfig; name = "Pods-DreamJournalUITests.debug.xcconfig"; path = "Pods/Target Support Files/Pods-DreamJournalUITests/Pods-DreamJournalUITests.debug.xcconfig"; sourceTree = "<group>"; };
		B127BF0DA2972FBB93DEAC5F /* libPods-DreamJournalTests.a */ = {isa = PBXFileReference; explicitFileType = archive.ar; includeInIndex = 0; path = "libPods-DreamJournalTests.a"; sourceTree = BUILT_PRODUCTS_DIR; };
		F1E4B01627957C6C7EDF8CBB /* libPods-DreamJournalUITests.a */ = {isa = PBXFileReference; explicitFileType = archive.ar; includeInIndex = 0; path = "libPods-DreamJournalUITests.a"; sourceTree = BUILT_PRODUCTS_DIR; };
/* End PBXFileReference section */

/* Begin PBXFrameworksBuildPhase section */
		03EF978E1ED15E1200864891 /* Frameworks */ = {
			isa = PBXFrameworksBuildPhase;
			buildActionMask = 2147483647;
			files = (
				D61E00B920ED327600144B27 /* libPods-DreamJournal.a in Frameworks */,
			);
			runOnlyForDeploymentPostprocessing = 0;
		};
		03EF97AD1ED15E1200864891 /* Frameworks */ = {
			isa = PBXFrameworksBuildPhase;
			buildActionMask = 2147483647;
			files = (
				20EE4D83B61539F27E1818D1 /* libPods-DreamJournalTests.a in Frameworks */,
			);
			runOnlyForDeploymentPostprocessing = 0;
		};
		03EF97B81ED15E1200864891 /* Frameworks */ = {
			isa = PBXFrameworksBuildPhase;
			buildActionMask = 2147483647;
			files = (
				324C3BF69E2397F85027BDB9 /* libPods-DreamJournalUITests.a in Frameworks */,
			);
			runOnlyForDeploymentPostprocessing = 0;
		};
/* End PBXFrameworksBuildPhase section */

/* Begin PBXGroup section */
		03EF97881ED15E1200864891 = {
			isa = PBXGroup;
			children = (
				03EF97931ED15E1200864891 /* DreamJournal */,
				03EF97B31ED15E1200864891 /* DreamJournalTests */,
				03EF97BE1ED15E1200864891 /* DreamJournalUITests */,
				03EF97921ED15E1200864891 /* Products */,
				C1D77534D1C617E24531D025 /* Pods */,
				C7D8FEA120A2CFB01C9DAE83 /* Frameworks */,
			);
			sourceTree = "<group>";
		};
		03EF97921ED15E1200864891 /* Products */ = {
			isa = PBXGroup;
			children = (
				03EF97911ED15E1200864891 /* DreamJournal.app */,
				03EF97B01ED15E1200864891 /* DreamJournalTests.xctest */,
				03EF97BB1ED15E1200864891 /* DreamJournalUITests.xctest */,
			);
			name = Products;
			sourceTree = "<group>";
		};
		03EF97931ED15E1200864891 /* DreamJournal */ = {
			isa = PBXGroup;
			children = (
				03EF97971ED15E1200864891 /* AppDelegate.h */,
				03EF97981ED15E1200864891 /* AppDelegate.m */,
				03EF979D1ED15E1200864891 /* MasterViewController.h */,
				03EF979E1ED15E1200864891 /* MasterViewController.m */,
				03EF97A01ED15E1200864891 /* DetailViewController.h */,
				03EF97A11ED15E1200864891 /* DetailViewController.m */,
				03EF97A31ED15E1200864891 /* Main.storyboard */,
				03EF97A61ED15E1200864891 /* Assets.xcassets */,
				03EF97A81ED15E1200864891 /* LaunchScreen.storyboard */,
				03EF97AB1ED15E1200864891 /* Info.plist */,
				03EF979A1ED15E1200864891 /* DreamJournal.xcdatamodeld */,
				03EF97941ED15E1200864891 /* Supporting Files */,
			);
			path = DreamJournal;
			sourceTree = "<group>";
		};
		03EF97941ED15E1200864891 /* Supporting Files */ = {
			isa = PBXGroup;
			children = (
				03EF97951ED15E1200864891 /* main.m */,
			);
			name = "Supporting Files";
			sourceTree = "<group>";
		};
		03EF97B31ED15E1200864891 /* DreamJournalTests */ = {
			isa = PBXGroup;
			children = (
				03EF97B41ED15E1200864891 /* DreamJournalTests.m */,
				03EF97B61ED15E1200864891 /* Info.plist */,
			);
			path = DreamJournalTests;
			sourceTree = "<group>";
		};
		03EF97BE1ED15E1200864891 /* DreamJournalUITests */ = {
			isa = PBXGroup;
			children = (
				03EF97BF1ED15E1200864891 /* DreamJournalUITests.m */,
				03EF97C11ED15E1200864891 /* Info.plist */,
			);
			path = DreamJournalUITests;
			sourceTree = "<group>";
		};
		C1D77534D1C617E24531D025 /* Pods */ = {
			isa = PBXGroup;
			children = (
				2F0B0792E990285A718D802B /* Pods-DreamJournal.debug.xcconfig */,
				4D475AA00DA720722F92219F /* Pods-DreamJournal.release.xcconfig */,
				2F73871B1A1547088A53EDDD /* Pods-DreamJournalTests.debug.xcconfig */,
				5AC01B5F45456A65431B753B /* Pods-DreamJournalTests.release.xcconfig */,
				ADCE2C7C6F7EA4F99F80DCE5 /* Pods-DreamJournalUITests.debug.xcconfig */,
				4564A3D52569F46AFDA82866 /* Pods-DreamJournalUITests.release.xcconfig */,
			);
			name = Pods;
			sourceTree = "<group>";
		};
		C7D8FEA120A2CFB01C9DAE83 /* Frameworks */ = {
			isa = PBXGroup;
			children = (
				356B7F1E73DF9BEBBA578035 /* libPods-DreamJournal.a */,
				B127BF0DA2972FBB93DEAC5F /* libPods-DreamJournalTests.a */,
				F1E4B01627957C6C7EDF8CBB /* libPods-DreamJournalUITests.a */,
			);
			name = Frameworks;
			sourceTree = "<group>";
		};
/* End PBXGroup section */

/* Begin PBXNativeTarget section */
		03EF97901ED15E1200864891 /* DreamJournal */ = {
			isa = PBXNativeTarget;
			buildConfigurationList = 03EF97C41ED15E1200864891 /* Build configuration list for PBXNativeTarget "DreamJournal" */;
			buildPhases = (
				BB936581F735CA27B877C33A /* [CP] Check Pods Manifest.lock */,
				03EF978D1ED15E1200864891 /* Sources */,
				03EF978E1ED15E1200864891 /* Frameworks */,
				03EF978F1ED15E1200864891 /* Resources */,
				C03AD75DA1BC182121F295FD /* [CP] Embed Pods Frameworks */,
				BEA46789B17EC118FA85F3FE /* [CP] Copy Pods Resources */,
			);
			buildRules = (
			);
			dependencies = (
			);
			name = DreamJournal;
			productName = DreamJournal;
			productReference = 03EF97911ED15E1200864891 /* DreamJournal.app */;
			productType = "com.apple.product-type.application";
		};
		03EF97AF1ED15E1200864891 /* DreamJournalTests */ = {
			isa = PBXNativeTarget;
			buildConfigurationList = 03EF97C71ED15E1200864891 /* Build configuration list for PBXNativeTarget "DreamJournalTests" */;
			buildPhases = (
				DA2DE83E62EC07B31B558215 /* [CP] Check Pods Manifest.lock */,
				03EF97AC1ED15E1200864891 /* Sources */,
				03EF97AD1ED15E1200864891 /* Frameworks */,
				03EF97AE1ED15E1200864891 /* Resources */,
				EB42FB4064AF0343140B473E /* [CP] Embed Pods Frameworks */,
				C4912EC336984BF95D03B166 /* [CP] Copy Pods Resources */,
			);
			buildRules = (
			);
			dependencies = (
				03EF97B21ED15E1200864891 /* PBXTargetDependency */,
			);
			name = DreamJournalTests;
			productName = DreamJournalTests;
			productReference = 03EF97B01ED15E1200864891 /* DreamJournalTests.xctest */;
			productType = "com.apple.product-type.bundle.unit-test";
		};
		03EF97BA1ED15E1200864891 /* DreamJournalUITests */ = {
			isa = PBXNativeTarget;
			buildConfigurationList = 03EF97CA1ED15E1200864891 /* Build configuration list for PBXNativeTarget "DreamJournalUITests" */;
			buildPhases = (
				D5ADAE61DA33BBD6A3E59ABC /* [CP] Check Pods Manifest.lock */,
				03EF97B71ED15E1200864891 /* Sources */,
				03EF97B81ED15E1200864891 /* Frameworks */,
				03EF97B91ED15E1200864891 /* Resources */,
				BA23CF37620DA97BE422917A /* [CP] Embed Pods Frameworks */,
				136823A74A6E4DAAAD1DBFDD /* [CP] Copy Pods Resources */,
			);
			buildRules = (
			);
			dependencies = (
				03EF97BD1ED15E1200864891 /* PBXTargetDependency */,
			);
			name = DreamJournalUITests;
			productName = DreamJournalUITests;
			productReference = 03EF97BB1ED15E1200864891 /* DreamJournalUITests.xctest */;
			productType = "com.apple.product-type.bundle.ui-testing";
		};
/* End PBXNativeTarget section */

/* Begin PBXProject section */
		03EF97891ED15E1200864891 /* Project object */ = {
			isa = PBXProject;
			attributes = {
				LastUpgradeCheck = 0830;
				ORGANIZATIONNAME = "Big Smash Software";
				TargetAttributes = {
					03EF97901ED15E1200864891 = {
						CreatedOnToolsVersion = 8.3.2;
						DevelopmentTeam = JNJPB8D7PF;
						ProvisioningStyle = Automatic;
					};
					03EF97AF1ED15E1200864891 = {
						CreatedOnToolsVersion = 8.3.2;
						DevelopmentTeam = JNJPB8D7PF;
						ProvisioningStyle = Automatic;
						TestTargetID = 03EF97901ED15E1200864891;
					};
					03EF97BA1ED15E1200864891 = {
						CreatedOnToolsVersion = 8.3.2;
						DevelopmentTeam = JNJPB8D7PF;
						ProvisioningStyle = Automatic;
						TestTargetID = 03EF97901ED15E1200864891;
					};
				};
			};
			buildConfigurationList = 03EF978C1ED15E1200864891 /* Build configuration list for PBXProject "DreamJournal" */;
			compatibilityVersion = "Xcode 3.2";
			developmentRegion = English;
			hasScannedForEncodings = 0;
			knownRegions = (
				en,
				Base,
			);
			mainGroup = 03EF97881ED15E1200864891;
			productRefGroup = 03EF97921ED15E1200864891 /* Products */;
			projectDirPath = "";
			projectRoot = "";
			targets = (
				03EF97901ED15E1200864891 /* DreamJournal */,
				03EF97AF1ED15E1200864891 /* DreamJournalTests */,
				03EF97BA1ED15E1200864891 /* DreamJournalUITests */,
			);
		};
/* End PBXProject section */

/* Begin PBXResourcesBuildPhase section */
		03EF978F1ED15E1200864891 /* Resources */ = {
			isa = PBXResourcesBuildPhase;
			buildActionMask = 2147483647;
			files = (
				03EF97AA1ED15E1200864891 /* LaunchScreen.storyboard in Resources */,
				03EF97A71ED15E1200864891 /* Assets.xcassets in Resources */,
				03EF97A51ED15E1200864891 /* Main.storyboard in Resources */,
			);
			runOnlyForDeploymentPostprocessing = 0;
		};
		03EF97AE1ED15E1200864891 /* Resources */ = {
			isa = PBXResourcesBuildPhase;
			buildActionMask = 2147483647;
			files = (
			);
			runOnlyForDeploymentPostprocessing = 0;
		};
		03EF97B91ED15E1200864891 /* Resources */ = {
			isa = PBXResourcesBuildPhase;
			buildActionMask = 2147483647;
			files = (
			);
			runOnlyForDeploymentPostprocessing = 0;
		};
/* End PBXResourcesBuildPhase section */

/* Begin PBXShellScriptBuildPhase section */
		136823A74A6E4DAAAD1DBFDD /* [CP] Copy Pods Resources */ = {
			isa = PBXShellScriptBuildPhase;
			buildActionMask = 2147483647;
			files = (
			);
			inputPaths = (
			);
			name = "[CP] Copy Pods Resources";
			outputPaths = (
			);
			runOnlyForDeploymentPostprocessing = 0;
			shellPath = /bin/sh;
			shellScript = "\"${SRCROOT}/Pods/Target Support Files/Pods-DreamJournalUITests/Pods-DreamJournalUITests-resources.sh\"\n";
			showEnvVarsInLog = 0;
		};
		BA23CF37620DA97BE422917A /* [CP] Embed Pods Frameworks */ = {
			isa = PBXShellScriptBuildPhase;
			buildActionMask = 2147483647;
			files = (
			);
			inputPaths = (
			);
			name = "[CP] Embed Pods Frameworks";
			outputPaths = (
			);
			runOnlyForDeploymentPostprocessing = 0;
			shellPath = /bin/sh;
			shellScript = "\"${SRCROOT}/Pods/Target Support Files/Pods-DreamJournalUITests/Pods-DreamJournalUITests-frameworks.sh\"\n";
			showEnvVarsInLog = 0;
		};
		BB936581F735CA27B877C33A /* [CP] Check Pods Manifest.lock */ = {
			isa = PBXShellScriptBuildPhase;
			buildActionMask = 2147483647;
			files = (
			);
			inputPaths = (
			);
			name = "[CP] Check Pods Manifest.lock";
			outputPaths = (
			);
			runOnlyForDeploymentPostprocessing = 0;
			shellPath = /bin/sh;
			shellScript = "diff \"${PODS_ROOT}/../Podfile.lock\" \"${PODS_ROOT}/Manifest.lock\" > /dev/null\nif [ $? != 0 ] ; then\n    # print error to STDERR\n    echo \"error: The sandbox is not in sync with the Podfile.lock. Run 'pod install' or update your CocoaPods installation.\" >&2\n    exit 1\nfi\n";
			showEnvVarsInLog = 0;
		};
		BEA46789B17EC118FA85F3FE /* [CP] Copy Pods Resources */ = {
			isa = PBXShellScriptBuildPhase;
			buildActionMask = 2147483647;
			files = (
			);
			inputPaths = (
			);
			name = "[CP] Copy Pods Resources";
			outputPaths = (
			);
			runOnlyForDeploymentPostprocessing = 0;
			shellPath = /bin/sh;
			shellScript = "\"${SRCROOT}/Pods/Target Support Files/Pods-DreamJournal/Pods-DreamJournal-resources.sh\"\n";
			showEnvVarsInLog = 0;
		};
		C03AD75DA1BC182121F295FD /* [CP] Embed Pods Frameworks */ = {
			isa = PBXShellScriptBuildPhase;
			buildActionMask = 2147483647;
			files = (
			);
			inputPaths = (
			);
			name = "[CP] Embed Pods Frameworks";
			outputPaths = (
			);
			runOnlyForDeploymentPostprocessing = 0;
			shellPath = /bin/sh;
			shellScript = "\"${SRCROOT}/Pods/Target Support Files/Pods-DreamJournal/Pods-DreamJournal-frameworks.sh\"\n";
			showEnvVarsInLog = 0;
		};
		C4912EC336984BF95D03B166 /* [CP] Copy Pods Resources */ = {
			isa = PBXShellScriptBuildPhase;
			buildActionMask = 2147483647;
			files = (
			);
			inputPaths = (
			);
			name = "[CP] Copy Pods Resources";
			outputPaths = (
			);
			runOnlyForDeploymentPostprocessing = 0;
			shellPath = /bin/sh;
			shellScript = "\"${SRCROOT}/Pods/Target Support Files/Pods-DreamJournalTests/Pods-DreamJournalTests-resources.sh\"\n";
			showEnvVarsInLog = 0;
		};
		D5ADAE61DA33BBD6A3E59ABC /* [CP] Check Pods Manifest.lock */ = {
			isa = PBXShellScriptBuildPhase;
			buildActionMask = 2147483647;
			files = (
			);
			inputPaths = (
			);
			name = "[CP] Check Pods Manifest.lock";
			outputPaths = (
			);
			runOnlyForDeploymentPostprocessing = 0;
			shellPath = /bin/sh;
			shellScript = "diff \"${PODS_ROOT}/../Podfile.lock\" \"${PODS_ROOT}/Manifest.lock\" > /dev/null\nif [ $? != 0 ] ; then\n    # print error to STDERR\n    echo \"error: The sandbox is not in sync with the Podfile.lock. Run 'pod install' or update your CocoaPods installation.\" >&2\n    exit 1\nfi\n";
			showEnvVarsInLog = 0;
		};
		DA2DE83E62EC07B31B558215 /* [CP] Check Pods Manifest.lock */ = {
			isa = PBXShellScriptBuildPhase;
			buildActionMask = 2147483647;
			files = (
			);
			inputPaths = (
			);
			name = "[CP] Check Pods Manifest.lock";
			outputPaths = (
			);
			runOnlyForDeploymentPostprocessing = 0;
			shellPath = /bin/sh;
			shellScript = "diff \"${PODS_ROOT}/../Podfile.lock\" \"${PODS_ROOT}/Manifest.lock\" > /dev/null\nif [ $? != 0 ] ; then\n    # print error to STDERR\n    echo \"error: The sandbox is not in sync with the Podfile.lock. Run 'pod install' or update your CocoaPods installation.\" >&2\n    exit 1\nfi\n";
			showEnvVarsInLog = 0;
		};
		EB42FB4064AF0343140B473E /* [CP] Embed Pods Frameworks */ = {
			isa = PBXShellScriptBuildPhase;
			buildActionMask = 2147483647;
			files = (
			);
			inputPaths = (
			);
			name = "[CP] Embed Pods Frameworks";
			outputPaths = (
			);
			runOnlyForDeploymentPostprocessing = 0;
			shellPath = /bin/sh;
			shellScript = "\"${SRCROOT}/Pods/Target Support Files/Pods-DreamJournalTests/Pods-DreamJournalTests-frameworks.sh\"\n";
			showEnvVarsInLog = 0;
		};
/* End PBXShellScriptBuildPhase section */

/* Begin PBXSourcesBuildPhase section */
		03EF978D1ED15E1200864891 /* Sources */ = {
			isa = PBXSourcesBuildPhase;
			buildActionMask = 2147483647;
			files = (
				03EF97A21ED15E1200864891 /* DetailViewController.m in Sources */,
				03EF979F1ED15E1200864891 /* MasterViewController.m in Sources */,
				03EF97991ED15E1200864891 /* AppDelegate.m in Sources */,
				03EF97961ED15E1200864891 /* main.m in Sources */,
				03EF979C1ED15E1200864891 /* DreamJournal.xcdatamodeld in Sources */,
			);
			runOnlyForDeploymentPostprocessing = 0;
		};
		03EF97AC1ED15E1200864891 /* Sources */ = {
			isa = PBXSourcesBuildPhase;
			buildActionMask = 2147483647;
			files = (
				03EF97B51ED15E1200864891 /* DreamJournalTests.m in Sources */,
			);
			runOnlyForDeploymentPostprocessing = 0;
		};
		03EF97B71ED15E1200864891 /* Sources */ = {
			isa = PBXSourcesBuildPhase;
			buildActionMask = 2147483647;
			files = (
				03EF97C01ED15E1200864891 /* DreamJournalUITests.m in Sources */,
			);
			runOnlyForDeploymentPostprocessing = 0;
		};
/* End PBXSourcesBuildPhase section */

/* Begin PBXTargetDependency section */
		03EF97B21ED15E1200864891 /* PBXTargetDependency */ = {
			isa = PBXTargetDependency;
			target = 03EF97901ED15E1200864891 /* DreamJournal */;
			targetProxy = 03EF97B11ED15E1200864891 /* PBXContainerItemProxy */;
		};
		03EF97BD1ED15E1200864891 /* PBXTargetDependency */ = {
			isa = PBXTargetDependency;
			target = 03EF97901ED15E1200864891 /* DreamJournal */;
			targetProxy = 03EF97BC1ED15E1200864891 /* PBXContainerItemProxy */;
		};
/* End PBXTargetDependency section */

/* Begin PBXVariantGroup section */
		03EF97A31ED15E1200864891 /* Main.storyboard */ = {
			isa = PBXVariantGroup;
			children = (
				03EF97A41ED15E1200864891 /* Base */,
			);
			name = Main.storyboard;
			sourceTree = "<group>";
		};
		03EF97A81ED15E1200864891 /* LaunchScreen.storyboard */ = {
			isa = PBXVariantGroup;
			children = (
				03EF97A91ED15E1200864891 /* Base */,
			);
			name = LaunchScreen.storyboard;
			sourceTree = "<group>";
		};
/* End PBXVariantGroup section */

/* Begin XCBuildConfiguration section */
		03EF97C21ED15E1200864891 /* Debug */ = {
			isa = XCBuildConfiguration;
			buildSettings = {
				ALWAYS_SEARCH_USER_PATHS = NO;
				CLANG_ANALYZER_NONNULL = YES;
				CLANG_ANALYZER_NUMBER_OBJECT_CONVERSION = YES_AGGRESSIVE;
				CLANG_CXX_LANGUAGE_STANDARD = "gnu++0x";
				CLANG_CXX_LIBRARY = "libc++";
				CLANG_ENABLE_MODULES = YES;
				CLANG_ENABLE_OBJC_ARC = YES;
				CLANG_WARN_BOOL_CONVERSION = YES;
				CLANG_WARN_CONSTANT_CONVERSION = YES;
				CLANG_WARN_DIRECT_OBJC_ISA_USAGE = YES_ERROR;
				CLANG_WARN_DOCUMENTATION_COMMENTS = YES;
				CLANG_WARN_EMPTY_BODY = YES;
				CLANG_WARN_ENUM_CONVERSION = YES;
				CLANG_WARN_INFINITE_RECURSION = YES;
				CLANG_WARN_INT_CONVERSION = YES;
				CLANG_WARN_OBJC_ROOT_CLASS = YES_ERROR;
				CLANG_WARN_SUSPICIOUS_MOVE = YES;
				CLANG_WARN_UNREACHABLE_CODE = YES;
				CLANG_WARN__DUPLICATE_METHOD_MATCH = YES;
				"CODE_SIGN_IDENTITY[sdk=iphoneos*]" = "iPhone Developer";
				COPY_PHASE_STRIP = NO;
				DEBUG_INFORMATION_FORMAT = dwarf;
				ENABLE_STRICT_OBJC_MSGSEND = YES;
				ENABLE_TESTABILITY = YES;
				GCC_C_LANGUAGE_STANDARD = gnu99;
				GCC_DYNAMIC_NO_PIC = NO;
				GCC_NO_COMMON_BLOCKS = YES;
				GCC_OPTIMIZATION_LEVEL = 0;
				GCC_PREPROCESSOR_DEFINITIONS = (
					"DEBUG=1",
					"$(inherited)",
				);
				GCC_WARN_64_TO_32_BIT_CONVERSION = YES;
				GCC_WARN_ABOUT_RETURN_TYPE = YES_ERROR;
				GCC_WARN_UNDECLARED_SELECTOR = YES;
				GCC_WARN_UNINITIALIZED_AUTOS = YES_AGGRESSIVE;
				GCC_WARN_UNUSED_FUNCTION = YES;
				GCC_WARN_UNUSED_VARIABLE = YES;
				IPHONEOS_DEPLOYMENT_TARGET = 10.3;
				MTL_ENABLE_DEBUG_INFO = YES;
				ONLY_ACTIVE_ARCH = YES;
				SDKROOT = iphoneos;
				TARGETED_DEVICE_FAMILY = "1,2";
			};
			name = Debug;
		};
		03EF97C31ED15E1200864891 /* Release */ = {
			isa = XCBuildConfiguration;
			buildSettings = {
				ALWAYS_SEARCH_USER_PATHS = NO;
				CLANG_ANALYZER_NONNULL = YES;
				CLANG_ANALYZER_NUMBER_OBJECT_CONVERSION = YES_AGGRESSIVE;
				CLANG_CXX_LANGUAGE_STANDARD = "gnu++0x";
				CLANG_CXX_LIBRARY = "libc++";
				CLANG_ENABLE_MODULES = YES;
				CLANG_ENABLE_OBJC_ARC = YES;
				CLANG_WARN_BOOL_CONVERSION = YES;
				CLANG_WARN_CONSTANT_CONVERSION = YES;
				CLANG_WARN_DIRECT_OBJC_ISA_USAGE = YES_ERROR;
				CLANG_WARN_DOCUMENTATION_COMMENTS = YES;
				CLANG_WARN_EMPTY_BODY = YES;
				CLANG_WARN_ENUM_CONVERSION = YES;
				CLANG_WARN_INFINITE_RECURSION = YES;
				CLANG_WARN_INT_CONVERSION = YES;
				CLANG_WARN_OBJC_ROOT_CLASS = YES_ERROR;
				CLANG_WARN_SUSPICIOUS_MOVE = YES;
				CLANG_WARN_UNREACHABLE_CODE = YES;
				CLANG_WARN__DUPLICATE_METHOD_MATCH = YES;
				"CODE_SIGN_IDENTITY[sdk=iphoneos*]" = "iPhone Developer";
				COPY_PHASE_STRIP = NO;
				DEBUG_INFORMATION_FORMAT = "dwarf-with-dsym";
				ENABLE_NS_ASSERTIONS = NO;
				ENABLE_STRICT_OBJC_MSGSEND = YES;
				GCC_C_LANGUAGE_STANDARD = gnu99;
				GCC_NO_COMMON_BLOCKS = YES;
				GCC_WARN_64_TO_32_BIT_CONVERSION = YES;
				GCC_WARN_ABOUT_RETURN_TYPE = YES_ERROR;
				GCC_WARN_UNDECLARED_SELECTOR = YES;
				GCC_WARN_UNINITIALIZED_AUTOS = YES_AGGRESSIVE;
				GCC_WARN_UNUSED_FUNCTION = YES;
				GCC_WARN_UNUSED_VARIABLE = YES;
				IPHONEOS_DEPLOYMENT_TARGET = 10.3;
				MTL_ENABLE_DEBUG_INFO = NO;
				SDKROOT = iphoneos;
				TARGETED_DEVICE_FAMILY = "1,2";
				VALIDATE_PRODUCT = YES;
			};
			name = Release;
		};
		03EF97C51ED15E1200864891 /* Debug */ = {
			isa = XCBuildConfiguration;
			baseConfigurationReference = 2F0B0792E990285A718D802B /* Pods-DreamJournal.debug.xcconfig */;
			buildSettings = {
				ASSETCATALOG_COMPILER_APPICON_NAME = AppIcon;
				DEVELOPMENT_TEAM = JNJPB8D7PF;
				INFOPLIST_FILE = DreamJournal/Info.plist;
				LD_RUNPATH_SEARCH_PATHS = "$(inherited) @executable_path/Frameworks";
				PRODUCT_BUNDLE_IDENTIFIER = BigSmashSoftware.DreamJournal;
				PRODUCT_NAME = "$(TARGET_NAME)";
			};
			name = Debug;
		};
		03EF97C61ED15E1200864891 /* Release */ = {
			isa = XCBuildConfiguration;
			baseConfigurationReference = 4D475AA00DA720722F92219F /* Pods-DreamJournal.release.xcconfig */;
			buildSettings = {
				ASSETCATALOG_COMPILER_APPICON_NAME = AppIcon;
				DEVELOPMENT_TEAM = JNJPB8D7PF;
				INFOPLIST_FILE = DreamJournal/Info.plist;
				LD_RUNPATH_SEARCH_PATHS = "$(inherited) @executable_path/Frameworks";
				PRODUCT_BUNDLE_IDENTIFIER = BigSmashSoftware.DreamJournal;
				PRODUCT_NAME = "$(TARGET_NAME)";
			};
			name = Release;
		};
		03EF97C81ED15E1200864891 /* Debug */ = {
			isa = XCBuildConfiguration;
			baseConfigurationReference = 2F73871B1A1547088A53EDDD /* Pods-DreamJournalTests.debug.xcconfig */;
			buildSettings = {
				BUNDLE_LOADER = "$(TEST_HOST)";
				DEVELOPMENT_TEAM = JNJPB8D7PF;
				INFOPLIST_FILE = DreamJournalTests/Info.plist;
				LD_RUNPATH_SEARCH_PATHS = "$(inherited) @executable_path/Frameworks @loader_path/Frameworks";
				PRODUCT_BUNDLE_IDENTIFIER = BigSmashSoftware.DreamJournalTests;
				PRODUCT_NAME = "$(TARGET_NAME)";
				TEST_HOST = "$(BUILT_PRODUCTS_DIR)/DreamJournal.app/DreamJournal";
			};
			name = Debug;
		};
		03EF97C91ED15E1200864891 /* Release */ = {
			isa = XCBuildConfiguration;
			baseConfigurationReference = 5AC01B5F45456A65431B753B /* Pods-DreamJournalTests.release.xcconfig */;
			buildSettings = {
				BUNDLE_LOADER = "$(TEST_HOST)";
				DEVELOPMENT_TEAM = JNJPB8D7PF;
				INFOPLIST_FILE = DreamJournalTests/Info.plist;
				LD_RUNPATH_SEARCH_PATHS = "$(inherited) @executable_path/Frameworks @loader_path/Frameworks";
				PRODUCT_BUNDLE_IDENTIFIER = BigSmashSoftware.DreamJournalTests;
				PRODUCT_NAME = "$(TARGET_NAME)";
				TEST_HOST = "$(BUILT_PRODUCTS_DIR)/DreamJournal.app/DreamJournal";
			};
			name = Release;
		};
		03EF97CB1ED15E1200864891 /* Debug */ = {
			isa = XCBuildConfiguration;
			baseConfigurationReference = ADCE2C7C6F7EA4F99F80DCE5 /* Pods-DreamJournalUITests.debug.xcconfig */;
			buildSettings = {
				DEVELOPMENT_TEAM = JNJPB8D7PF;
				INFOPLIST_FILE = DreamJournalUITests/Info.plist;
				LD_RUNPATH_SEARCH_PATHS = "$(inherited) @executable_path/Frameworks @loader_path/Frameworks";
				PRODUCT_BUNDLE_IDENTIFIER = BigSmashSoftware.DreamJournalUITests;
				PRODUCT_NAME = "$(TARGET_NAME)";
				TEST_TARGET_NAME = DreamJournal;
			};
			name = Debug;
		};
		03EF97CC1ED15E1200864891 /* Release */ = {
			isa = XCBuildConfiguration;
			baseConfigurationReference = 4564A3D52569F46AFDA82866 /* Pods-DreamJournalUITests.release.xcconfig */;
			buildSettings = {
				DEVELOPMENT_TEAM = JNJPB8D7PF;
				INFOPLIST_FILE = DreamJournalUITests/Info.plist;
				LD_RUNPATH_SEARCH_PATHS = "$(inherited) @executable_path/Frameworks @loader_path/Frameworks";
				PRODUCT_BUNDLE_IDENTIFIER = BigSmashSoftware.DreamJournalUITests;
				PRODUCT_NAME = "$(TARGET_NAME)";
				TEST_TARGET_NAME = DreamJournal;
			};
			name = Release;
		};
/* End XCBuildConfiguration section */

/* Begin XCConfigurationList section */
		03EF978C1ED15E1200864891 /* Build configuration list for PBXProject "DreamJournal" */ = {
			isa = XCConfigurationList;
			buildConfigurations = (
				03EF97C21ED15E1200864891 /* Debug */,
				03EF97C31ED15E1200864891 /* Release */,
			);
			defaultConfigurationIsVisible = 0;
			defaultConfigurationName = Release;
		};
		03EF97C41ED15E1200864891 /* Build configuration list for PBXNativeTarget "DreamJournal" */ = {
			isa = XCConfigurationList;
			buildConfigurations = (
				03EF97C51ED15E1200864891 /* Debug */,
				03EF97C61ED15E1200864891 /* Release */,
			);
			defaultConfigurationIsVisible = 0;
		};
		03EF97C71ED15E1200864891 /* Build configuration list for PBXNativeTarget "DreamJournalTests" */ = {
			isa = XCConfigurationList;
			buildConfigurations = (
				03EF97C81ED15E1200864891 /* Debug */,
				03EF97C91ED15E1200864891 /* Release */,
			);
			defaultConfigurationIsVisible = 0;
		};
		03EF97CA1ED15E1200864891 /* Build configuration list for PBXNativeTarget "DreamJournalUITests" */ = {
			isa = XCConfigurationList;
			buildConfigurations = (
				03EF97CB1ED15E1200864891 /* Debug */,
				03EF97CC1ED15E1200864891 /* Release */,
			);
			defaultConfigurationIsVisible = 0;
		};
/* End XCConfigurationList section */

/* Begin XCVersionGroup section */
		03EF979A1ED15E1200864891 /* DreamJournal.xcdatamodeld */ = {
			isa = XCVersionGroup;
			children = (
				03EF979B1ED15E1200864891 /* DreamJournal.xcdatamodel */,
			);
			currentVersion = 03EF979B1ED15E1200864891 /* DreamJournal.xcdatamodel */;
			path = DreamJournal.xcdatamodeld;
			sourceTree = "<group>";
			versionGroupType = wrapper.xcdatamodel;
		};
/* End XCVersionGroup section */
	};
	rootObject = 03EF97891ED15E1200864891 /* Project object */;
}
